
Microsoft Visual Studio Solution File, Format Version 12.00
# Visual Studio Version 16
VisualStudioVersion = 16.0.30011.22
MinimumVisualStudioVersion = 10.0.40219.1
Project("{FAE04EC0-301F-11D3-BF4B-00C04F79EFBC}") = "CoronaVirusCountryApi", "CoronaVirusCountryApi\CoronaVirusCountryApi.csproj", "{605221E2-F407-4362-A98E-6007CD17EB01}"
EndProject
Global
	GlobalSection(SolutionConfigurationPlatforms) = preSolution
		Debug|Any CPU = Debug|Any CPU
		Release|Any CPU = Release|Any CPU
	EndGlobalSection
	GlobalSection(ProjectConfigurationPlatforms) = postSolution
		{605221E2-F407-4362-A98E-6007CD17EB01}.Debug|Any CPU.ActiveCfg = Debug|Any CPU
		{605221E2-F407-4362-A98E-6007CD17EB01}.Debug|Any CPU.Build.0 = Debug|Any CPU
		{605221E2-F407-4362-A98E-6007CD17EB01}.Release|Any CPU.ActiveCfg = Release|Any CPU
		{605221E2-F407-4362-A98E-6007CD17EB01}.Release|Any CPU.Build.0 = Release|Any CPU
	EndGlobalSection
	GlobalSection(SolutionProperties) = preSolution
		HideSolutionNode = FALSE
	EndGlobalSection
	GlobalSection(ExtensibilityGlobals) = postSolution
		SolutionGuid = {90F43D06-A05A-4E41-A2C8-CBCC95F62A7C}
	EndGlobalSection
EndGlobal
